// !$*UTF8*$!
{
	archiveVersion = 1;
	classes = {
	};
	objectVersion = 50;
	objects = {

/* Begin PBXBuildFile section */
		2E01982722D3929000F8A4B3 /* FlickrAPI.swift in Sources */ = {isa = PBXBuildFile; fileRef = 2E01982622D3929000F8A4B3 /* FlickrAPI.swift */; };
		2E01982922D392B600F8A4B3 /* Constants.swift in Sources */ = {isa = PBXBuildFile; fileRef = 2E01982822D392B600F8A4B3 /* Constants.swift */; };
		2E7E179C22CFF7B900D2866F /* PinExtension.swift in Sources */ = {isa = PBXBuildFile; fileRef = 2E7E179B22CFF7B900D2866F /* PinExtension.swift */; };
		2ED4602622C7F55D00E8FECB /* AppDelegate.swift in Sources */ = {isa = PBXBuildFile; fileRef = 2ED4602522C7F55D00E8FECB /* AppDelegate.swift */; };
		2ED4602822C7F55D00E8FECB /* TheMapViewController.swift in Sources */ = {isa = PBXBuildFile; fileRef = 2ED4602722C7F55D00E8FECB /* TheMapViewController.swift */; };
		2ED4602B22C7F55D00E8FECB /* Main.storyboard in Resources */ = {isa = PBXBuildFile; fileRef = 2ED4602922C7F55D00E8FECB /* Main.storyboard */; };
		2ED4602D22C7F55F00E8FECB /* Assets.xcassets in Resources */ = {isa = PBXBuildFile; fileRef = 2ED4602C22C7F55F00E8FECB /* Assets.xcassets */; };
		2ED4603022C7F55F00E8FECB /* LaunchScreen.storyboard in Resources */ = {isa = PBXBuildFile; fileRef = 2ED4602E22C7F55F00E8FECB /* LaunchScreen.storyboard */; };
		2ED4603E22C7FBFA00E8FECB /* VirtualTouristUITests.swift in Sources */ = {isa = PBXBuildFile; fileRef = 2ED4603D22C7FBFA00E8FECB /* VirtualTouristUITests.swift */; };
		2ED4604C22C7FC1F00E8FECB /* VirtualTouristTests.swift in Sources */ = {isa = PBXBuildFile; fileRef = 2ED4604B22C7FC1F00E8FECB /* VirtualTouristTests.swift */; };
		2EEB37E722C8E7B600A31141 /* VirtualTourist.xcdatamodeld in Sources */ = {isa = PBXBuildFile; fileRef = 2EEB37E522C8E7B600A31141 /* VirtualTourist.xcdatamodeld */; };
		2EEB37EA22C8EB5E00A31141 /* PhotoViewCell.swift in Sources */ = {isa = PBXBuildFile; fileRef = 2EEB37E922C8EB5E00A31141 /* PhotoViewCell.swift */; };
		2EEB37EC22C9015300A31141 /* PhotoAlbumViewController.swift in Sources */ = {isa = PBXBuildFile; fileRef = 2EEB37EB22C9015300A31141 /* PhotoAlbumViewController.swift */; };
		2EEB37F022C9340600A31141 /* DataController.swift in Sources */ = {isa = PBXBuildFile; fileRef = 2EEB37EF22C9340600A31141 /* DataController.swift */; };
/* End PBXBuildFile section */

/* Begin PBXContainerItemProxy section */
		2ED4604022C7FBFA00E8FECB /* PBXContainerItemProxy */ = {
			isa = PBXContainerItemProxy;
			containerPortal = 2ED4601A22C7F55D00E8FECB /* Project object */;
			proxyType = 1;
			remoteGlobalIDString = 2ED4602122C7F55D00E8FECB;
			remoteInfo = VirtualTourist;
		};
		2ED4604E22C7FC1F00E8FECB /* PBXContainerItemProxy */ = {
			isa = PBXContainerItemProxy;
			containerPortal = 2ED4601A22C7F55D00E8FECB /* Project object */;
			proxyType = 1;
			remoteGlobalIDString = 2ED4602122C7F55D00E8FECB;
			remoteInfo = VirtualTourist;
		};
/* End PBXContainerItemProxy section */

/* Begin PBXFileReference section */
		2E01982622D3929000F8A4B3 /* FlickrAPI.swift */ = {isa = PBXFileReference; lastKnownFileType = sourcecode.swift; path = FlickrAPI.swift; sourceTree = "<group>"; };
		2E01982822D392B600F8A4B3 /* Constants.swift */ = {isa = PBXFileReference; lastKnownFileType = sourcecode.swift; path = Constants.swift; sourceTree = "<group>"; };
		2E7E179B22CFF7B900D2866F /* PinExtension.swift */ = {isa = PBXFileReference; lastKnownFileType = sourcecode.swift; path = PinExtension.swift; sourceTree = "<group>"; };
		2ED4602222C7F55D00E8FECB /* VirtualTourist.app */ = {isa = PBXFileReference; explicitFileType = wrapper.application; includeInIndex = 0; path = VirtualTourist.app; sourceTree = BUILT_PRODUCTS_DIR; };
		2ED4602522C7F55D00E8FECB /* AppDelegate.swift */ = {isa = PBXFileReference; lastKnownFileType = sourcecode.swift; path = AppDelegate.swift; sourceTree = "<group>"; };
		2ED4602722C7F55D00E8FECB /* TheMapViewController.swift */ = {isa = PBXFileReference; lastKnownFileType = sourcecode.swift; path = TheMapViewController.swift; sourceTree = "<group>"; };
		2ED4602A22C7F55D00E8FECB /* Base */ = {isa = PBXFileReference; lastKnownFileType = file.storyboard; name = Base; path = Base.lproj/Main.storyboard; sourceTree = "<group>"; };
		2ED4602C22C7F55F00E8FECB /* Assets.xcassets */ = {isa = PBXFileReference; lastKnownFileType = folder.assetcatalog; path = Assets.xcassets; sourceTree = "<group>"; };
		2ED4602F22C7F55F00E8FECB /* Base */ = {isa = PBXFileReference; lastKnownFileType = file.storyboard; name = Base; path = Base.lproj/LaunchScreen.storyboard; sourceTree = "<group>"; };
		2ED4603122C7F55F00E8FECB /* Info.plist */ = {isa = PBXFileReference; lastKnownFileType = text.plist.xml; path = Info.plist; sourceTree = "<group>"; };
		2ED4603B22C7FBFA00E8FECB /* VirtualTouristUITests.xctest */ = {isa = PBXFileReference; explicitFileType = wrapper.cfbundle; includeInIndex = 0; path = VirtualTouristUITests.xctest; sourceTree = BUILT_PRODUCTS_DIR; };
		2ED4603D22C7FBFA00E8FECB /* VirtualTouristUITests.swift */ = {isa = PBXFileReference; lastKnownFileType = sourcecode.swift; path = VirtualTouristUITests.swift; sourceTree = "<group>"; };
		2ED4603F22C7FBFA00E8FECB /* Info.plist */ = {isa = PBXFileReference; lastKnownFileType = text.plist.xml; path = Info.plist; sourceTree = "<group>"; };
		2ED4604922C7FC1F00E8FECB /* VirtualTouristTests.xctest */ = {isa = PBXFileReference; explicitFileType = wrapper.cfbundle; includeInIndex = 0; path = VirtualTouristTests.xctest; sourceTree = BUILT_PRODUCTS_DIR; };
		2ED4604B22C7FC1F00E8FECB /* VirtualTouristTests.swift */ = {isa = PBXFileReference; lastKnownFileType = sourcecode.swift; path = VirtualTouristTests.swift; sourceTree = "<group>"; };
		2ED4604D22C7FC1F00E8FECB /* Info.plist */ = {isa = PBXFileReference; lastKnownFileType = text.plist.xml; path = Info.plist; sourceTree = "<group>"; };
		2EEB37E622C8E7B600A31141 /* VirtualTourist.xcdatamodel */ = {isa = PBXFileReference; lastKnownFileType = wrapper.xcdatamodel; path = VirtualTourist.xcdatamodel; sourceTree = "<group>"; };
		2EEB37E922C8EB5E00A31141 /* PhotoViewCell.swift */ = {isa = PBXFileReference; lastKnownFileType = sourcecode.swift; path = PhotoViewCell.swift; sourceTree = "<group>"; };
		2EEB37EB22C9015300A31141 /* PhotoAlbumViewController.swift */ = {isa = PBXFileReference; lastKnownFileType = sourcecode.swift; path = PhotoAlbumViewController.swift; sourceTree = "<group>"; };
		2EEB37EF22C9340600A31141 /* DataController.swift */ = {isa = PBXFileReference; lastKnownFileType = sourcecode.swift; path = DataController.swift; sourceTree = "<group>"; };
/* End PBXFileReference section */

/* Begin PBXFrameworksBuildPhase section */
		2ED4601F22C7F55D00E8FECB /* Frameworks */ = {
			isa = PBXFrameworksBuildPhase;
			buildActionMask = 2147483647;
			files = (
			);
			runOnlyForDeploymentPostprocessing = 0;
		};
		2ED4603822C7FBFA00E8FECB /* Frameworks */ = {
			isa = PBXFrameworksBuildPhase;
			buildActionMask = 2147483647;
			files = (
			);
			runOnlyForDeploymentPostprocessing = 0;
		};
		2ED4604622C7FC1F00E8FECB /* Frameworks */ = {
			isa = PBXFrameworksBuildPhase;
			buildActionMask = 2147483647;
			files = (
			);
			runOnlyForDeploymentPostprocessing = 0;
		};
/* End PBXFrameworksBuildPhase section */

/* Begin PBXGroup section */
		2ED4601922C7F55D00E8FECB = {
			isa = PBXGroup;
			children = (
				2ED4602422C7F55D00E8FECB /* VirtualTourist */,
				2ED4603C22C7FBFA00E8FECB /* VirtualTouristUITests */,
				2ED4604A22C7FC1F00E8FECB /* VirtualTouristTests */,
				2ED4602322C7F55D00E8FECB /* Products */,
			);
			sourceTree = "<group>";
		};
		2ED4602322C7F55D00E8FECB /* Products */ = {
			isa = PBXGroup;
			children = (
				2ED4602222C7F55D00E8FECB /* VirtualTourist.app */,
				2ED4603B22C7FBFA00E8FECB /* VirtualTouristUITests.xctest */,
				2ED4604922C7FC1F00E8FECB /* VirtualTouristTests.xctest */,
			);
			name = Products;
			sourceTree = "<group>";
		};
		2ED4602422C7F55D00E8FECB /* VirtualTourist */ = {
			isa = PBXGroup;
			children = (
				2ED4602522C7F55D00E8FECB /* AppDelegate.swift */,
				2EEB37E822C8E7C500A31141 /* Model */,
				2EEB37E222C8E4AA00A31141 /* Controllers */,
				2ED4602922C7F55D00E8FECB /* Main.storyboard */,
				2ED4602C22C7F55F00E8FECB /* Assets.xcassets */,
				2ED4602E22C7F55F00E8FECB /* LaunchScreen.storyboard */,
				2ED4603122C7F55F00E8FECB /* Info.plist */,
				2E01982622D3929000F8A4B3 /* FlickrAPI.swift */,
				2E01982822D392B600F8A4B3 /* Constants.swift */,
			);
			path = VirtualTourist;
			sourceTree = "<group>";
		};
		2ED4603C22C7FBFA00E8FECB /* VirtualTouristUITests */ = {
			isa = PBXGroup;
			children = (
				2ED4603D22C7FBFA00E8FECB /* VirtualTouristUITests.swift */,
				2ED4603F22C7FBFA00E8FECB /* Info.plist */,
			);
			path = VirtualTouristUITests;
			sourceTree = "<group>";
		};
		2ED4604A22C7FC1F00E8FECB /* VirtualTouristTests */ = {
			isa = PBXGroup;
			children = (
				2ED4604B22C7FC1F00E8FECB /* VirtualTouristTests.swift */,
				2ED4604D22C7FC1F00E8FECB /* Info.plist */,
			);
			path = VirtualTouristTests;
			sourceTree = "<group>";
		};
		2EEB37E222C8E4AA00A31141 /* Controllers */ = {
			isa = PBXGroup;
			children = (
				2ED4602722C7F55D00E8FECB /* TheMapViewController.swift */,
				2EEB37E922C8EB5E00A31141 /* PhotoViewCell.swift */,
				2EEB37EB22C9015300A31141 /* PhotoAlbumViewController.swift */,
			);
			path = Controllers;
			sourceTree = "<group>";
		};
		2EEB37E822C8E7C500A31141 /* Model */ = {
			isa = PBXGroup;
			children = (
				2EEB37E522C8E7B600A31141 /* VirtualTourist.xcdatamodeld */,
				2EEB37EF22C9340600A31141 /* DataController.swift */,
				2E7E179B22CFF7B900D2866F /* PinExtension.swift */,
			);
			path = Model;
			sourceTree = "<group>";
		};
/* End PBXGroup section */

/* Begin PBXNativeTarget section */
		2ED4602122C7F55D00E8FECB /* VirtualTourist */ = {
			isa = PBXNativeTarget;
			buildConfigurationList = 2ED4603422C7F55F00E8FECB /* Build configuration list for PBXNativeTarget "VirtualTourist" */;
			buildPhases = (
				2ED4601E22C7F55D00E8FECB /* Sources */,
				2ED4601F22C7F55D00E8FECB /* Frameworks */,
				2ED4602022C7F55D00E8FECB /* Resources */,
			);
			buildRules = (
			);
			dependencies = (
			);
			name = VirtualTourist;
			productName = VirtualTourist;
			productReference = 2ED4602222C7F55D00E8FECB /* VirtualTourist.app */;
			productType = "com.apple.product-type.application";
		};
		2ED4603A22C7FBFA00E8FECB /* VirtualTouristUITests */ = {
			isa = PBXNativeTarget;
			buildConfigurationList = 2ED4604222C7FBFA00E8FECB /* Build configuration list for PBXNativeTarget "VirtualTouristUITests" */;
			buildPhases = (
				2ED4603722C7FBFA00E8FECB /* Sources */,
				2ED4603822C7FBFA00E8FECB /* Frameworks */,
				2ED4603922C7FBFA00E8FECB /* Resources */,
			);
			buildRules = (
			);
			dependencies = (
				2ED4604122C7FBFA00E8FECB /* PBXTargetDependency */,
			);
			name = VirtualTouristUITests;
			productName = VirtualTouristUITests;
			productReference = 2ED4603B22C7FBFA00E8FECB /* VirtualTouristUITests.xctest */;
			productType = "com.apple.product-type.bundle.ui-testing";
		};
		2ED4604822C7FC1F00E8FECB /* VirtualTouristTests */ = {
			isa = PBXNativeTarget;
			buildConfigurationList = 2ED4605022C7FC1F00E8FECB /* Build configuration list for PBXNativeTarget "VirtualTouristTests" */;
			buildPhases = (
				2ED4604522C7FC1F00E8FECB /* Sources */,
				2ED4604622C7FC1F00E8FECB /* Frameworks */,
				2ED4604722C7FC1F00E8FECB /* Resources */,
			);
			buildRules = (
			);
			dependencies = (
				2ED4604F22C7FC1F00E8FECB /* PBXTargetDependency */,
			);
			name = VirtualTouristTests;
			productName = VirtualTouristTests;
			productReference = 2ED4604922C7FC1F00E8FECB /* VirtualTouristTests.xctest */;
			productType = "com.apple.product-type.bundle.unit-test";
		};
/* End PBXNativeTarget section */

/* Begin PBXProject section */
		2ED4601A22C7F55D00E8FECB /* Project object */ = {
			isa = PBXProject;
			attributes = {
				LastSwiftUpdateCheck = 1020;
				LastUpgradeCheck = 1020;
				ORGANIZATIONNAME = HayaMousa;
				TargetAttributes = {
					2ED4602122C7F55D00E8FECB = {
						CreatedOnToolsVersion = 10.2;
					};
					2ED4603A22C7FBFA00E8FECB = {
						CreatedOnToolsVersion = 10.2;
						TestTargetID = 2ED4602122C7F55D00E8FECB;
					};
					2ED4604822C7FC1F00E8FECB = {
						CreatedOnToolsVersion = 10.2;
						TestTargetID = 2ED4602122C7F55D00E8FECB;
					};
				};
			};
			buildConfigurationList = 2ED4601D22C7F55D00E8FECB /* Build configuration list for PBXProject "VirtualTourist" */;
			compatibilityVersion = "Xcode 9.3";
			developmentRegion = en;
			hasScannedForEncodings = 0;
			knownRegions = (
				en,
				Base,
			);
			mainGroup = 2ED4601922C7F55D00E8FECB;
			productRefGroup = 2ED4602322C7F55D00E8FECB /* Products */;
			projectDirPath = "";
			projectRoot = "";
			targets = (
				2ED4602122C7F55D00E8FECB /* VirtualTourist */,
				2ED4603A22C7FBFA00E8FECB /* VirtualTouristUITests */,
				2ED4604822C7FC1F00E8FECB /* VirtualTouristTests */,
			);
		};
/* End PBXProject section */

/* Begin PBXResourcesBuildPhase section */
		2ED4602022C7F55D00E8FECB /* Resources */ = {
			isa = PBXResourcesBuildPhase;
			buildActionMask = 2147483647;
			files = (
				2ED4603022C7F55F00E8FECB /* LaunchScreen.storyboard in Resources */,
				2ED4602D22C7F55F00E8FECB /* Assets.xcassets in Resources */,
				2ED4602B22C7F55D00E8FECB /* Main.storyboard in Resources */,
			);
			runOnlyForDeploymentPostprocessing = 0;
		};
		2ED4603922C7FBFA00E8FECB /* Resources */ = {
			isa = PBXResourcesBuildPhase;
			buildActionMask = 2147483647;
			files = (
			);
			runOnlyForDeploymentPostprocessing = 0;
		};
		2ED4604722C7FC1F00E8FECB /* Resources */ = {
			isa = PBXResourcesBuildPhase;
			buildActionMask = 2147483647;
			files = (
			);
			runOnlyForDeploymentPostprocessing = 0;
		};
/* End PBXResourcesBuildPhase section */

/* Begin PBXSourcesBuildPhase section */
		2ED4601E22C7F55D00E8FECB /* Sources */ = {
			isa = PBXSourcesBuildPhase;
			buildActionMask = 2147483647;
			files = (
				2EEB37E722C8E7B600A31141 /* VirtualTourist.xcdatamodeld in Sources */,
				2E01982922D392B600F8A4B3 /* Constants.swift in Sources */,
				2E7E179C22CFF7B900D2866F /* PinExtension.swift in Sources */,
				2EEB37F022C9340600A31141 /* DataController.swift in Sources */,
				2ED4602822C7F55D00E8FECB /* TheMapViewController.swift in Sources */,
				2ED4602622C7F55D00E8FECB /* AppDelegate.swift in Sources */,
				2EEB37EC22C9015300A31141 /* PhotoAlbumViewController.swift in Sources */,
				2EEB37EA22C8EB5E00A31141 /* PhotoViewCell.swift in Sources */,
				2E01982722D3929000F8A4B3 /* FlickrAPI.swift in Sources */,
			);
			runOnlyForDeploymentPostprocessing = 0;
		};
		2ED4603722C7FBFA00E8FECB /* Sources */ = {
			isa = PBXSourcesBuildPhase;
			buildActionMask = 2147483647;
			files = (
				2ED4603E22C7FBFA00E8FECB /* VirtualTouristUITests.swift in Sources */,
			);
			runOnlyForDeploymentPostprocessing = 0;
		};
		2ED4604522C7FC1F00E8FECB /* Sources */ = {
			isa = PBXSourcesBuildPhase;
			buildActionMask = 2147483647;
			files = (
				2ED4604C22C7FC1F00E8FECB /* VirtualTouristTests.swift in Sources */,
			);
			runOnlyForDeploymentPostprocessing = 0;
		};
/* End PBXSourcesBuildPhase section */

/* Begin PBXTargetDependency section */
		2ED4604122C7FBFA00E8FECB /* PBXTargetDependency */ = {
			isa = PBXTargetDependency;
			target = 2ED4602122C7F55D00E8FECB /* VirtualTourist */;
			targetProxy = 2ED4604022C7FBFA00E8FECB /* PBXContainerItemProxy */;
		};
		2ED4604F22C7FC1F00E8FECB /* PBXTargetDependency */ = {
			isa = PBXTargetDependency;
			target = 2ED4602122C7F55D00E8FECB /* VirtualTourist */;
			targetProxy = 2ED4604E22C7FC1F00E8FECB /* PBXContainerItemProxy */;
		};
/* End PBXTargetDependency section */

/* Begin PBXVariantGroup section */
		2ED4602922C7F55D00E8FECB /* Main.storyboard */ = {
			isa = PBXVariantGroup;
			children = (
				2ED4602A22C7F55D00E8FECB /* Base */,
			);
			name = Main.storyboard;
			sourceTree = "<group>";
		};
		2ED4602E22C7F55F00E8FECB /* LaunchScreen.storyboard */ = {
			isa = PBXVariantGroup;
			children = (
				2ED4602F22C7F55F00E8FECB /* Base */,
			);
			name = LaunchScreen.storyboard;
			sourceTree = "<group>";
		};
/* End PBXVariantGroup section */

/* Begin XCBuildConfiguration section */
		2ED4603222C7F55F00E8FECB /* Debug */ = {
			isa = XCBuildConfiguration;
			buildSettings = {
				ALWAYS_SEARCH_USER_PATHS = NO;
				CLANG_ANALYZER_NONNULL = YES;
				CLANG_ANALYZER_NUMBER_OBJECT_CONVERSION = YES_AGGRESSIVE;
				CLANG_CXX_LANGUAGE_STANDARD = "gnu++14";
				CLANG_CXX_LIBRARY = "libc++";
				CLANG_ENABLE_MODULES = YES;
				CLANG_ENABLE_OBJC_ARC = YES;
				CLANG_ENABLE_OBJC_WEAK = YES;
				CLANG_WARN_BLOCK_CAPTURE_AUTORELEASING = YES;
				CLANG_WARN_BOOL_CONVERSION = YES;
				CLANG_WARN_COMMA = YES;
				CLANG_WARN_CONSTANT_CONVERSION = YES;
				CLANG_WARN_DEPRECATED_OBJC_IMPLEMENTATIONS = YES;
				CLANG_WARN_DIRECT_OBJC_ISA_USAGE = YES_ERROR;
				CLANG_WARN_DOCUMENTATION_COMMENTS = YES;
				CLANG_WARN_EMPTY_BODY = YES;
				CLANG_WARN_ENUM_CONVERSION = YES;
				CLANG_WARN_INFINITE_RECURSION = YES;
				CLANG_WARN_INT_CONVERSION = YES;
				CLANG_WARN_NON_LITERAL_NULL_CONVERSION = YES;
				CLANG_WARN_OBJC_IMPLICIT_RETAIN_SELF = YES;
				CLANG_WARN_OBJC_LITERAL_CONVERSION = YES;
				CLANG_WARN_OBJC_ROOT_CLASS = YES_ERROR;
				CLANG_WARN_RANGE_LOOP_ANALYSIS = YES;
				CLANG_WARN_STRICT_PROTOTYPES = YES;
				CLANG_WARN_SUSPICIOUS_MOVE = YES;
				CLANG_WARN_UNGUARDED_AVAILABILITY = YES_AGGRESSIVE;
				CLANG_WARN_UNREACHABLE_CODE = YES;
				CLANG_WARN__DUPLICATE_METHOD_MATCH = YES;
				CODE_SIGN_IDENTITY = "iPhone Developer";
				COPY_PHASE_STRIP = NO;
				DEBUG_INFORMATION_FORMAT = dwarf;
				ENABLE_STRICT_OBJC_MSGSEND = YES;
				ENABLE_TESTABILITY = YES;
				GCC_C_LANGUAGE_STANDARD = gnu11;
				GCC_DYNAMIC_NO_PIC = NO;
				GCC_NO_COMMON_BLOCKS = YES;
				GCC_OPTIMIZATION_LEVEL = 0;
				GCC_PREPROCESSOR_DEFINITIONS = (
					"DEBUG=1",
					"$(inherited)",
				);
				GCC_WARN_64_TO_32_BIT_CONVERSION = YES;
				GCC_WARN_ABOUT_RETURN_TYPE = YES_ERROR;
				GCC_WARN_UNDECLARED_SELECTOR = YES;
				GCC_WARN_UNINITIALIZED_AUTOS = YES_AGGRESSIVE;
				GCC_WARN_UNUSED_FUNCTION = YES;
				GCC_WARN_UNUSED_VARIABLE = YES;
				IPHONEOS_DEPLOYMENT_TARGET = 12.2;
				MTL_ENABLE_DEBUG_INFO = INCLUDE_SOURCE;
				MTL_FAST_MATH = YES;
				ONLY_ACTIVE_ARCH = YES;
				SDKROOT = iphoneos;
				SWIFT_ACTIVE_COMPILATION_CONDITIONS = DEBUG;
				SWIFT_OPTIMIZATION_LEVEL = "-Onone";
			};
			name = Debug;
		};
		2ED4603322C7F55F00E8FECB /* Release */ = {
			isa = XCBuildConfiguration;
			buildSettings = {
				ALWAYS_SEARCH_USER_PATHS = NO;
				CLANG_ANALYZER_NONNULL = YES;
				CLANG_ANALYZER_NUMBER_OBJECT_CONVERSION = YES_AGGRESSIVE;
				CLANG_CXX_LANGUAGE_STANDARD = "gnu++14";
				CLANG_CXX_LIBRARY = "libc++";
				CLANG_ENABLE_MODULES = YES;
				CLANG_ENABLE_OBJC_ARC = YES;
				CLANG_ENABLE_OBJC_WEAK = YES;
				CLANG_WARN_BLOCK_CAPTURE_AUTORELEASING = YES;
				CLANG_WARN_BOOL_CONVERSION = YES;
				CLANG_WARN_COMMA = YES;
				CLANG_WARN_CONSTANT_CONVERSION = YES;
				CLANG_WARN_DEPRECATED_OBJC_IMPLEMENTATIONS = YES;
				CLANG_WARN_DIRECT_OBJC_ISA_USAGE = YES_ERROR;
				CLANG_WARN_DOCUMENTATION_COMMENTS = YES;
				CLANG_WARN_EMPTY_BODY = YES;
				CLANG_WARN_ENUM_CONVERSION = YES;
				CLANG_WARN_INFINITE_RECURSION = YES;
				CLANG_WARN_INT_CONVERSION = YES;
				CLANG_WARN_NON_LITERAL_NULL_CONVERSION = YES;
				CLANG_WARN_OBJC_IMPLICIT_RETAIN_SELF = YES;
				CLANG_WARN_OBJC_LITERAL_CONVERSION = YES;
				CLANG_WARN_OBJC_ROOT_CLASS = YES_ERROR;
				CLANG_WARN_RANGE_LOOP_ANALYSIS = YES;
				CLANG_WARN_STRICT_PROTOTYPES = YES;
				CLANG_WARN_SUSPICIOUS_MOVE = YES;
				CLANG_WARN_UNGUARDED_AVAILABILITY = YES_AGGRESSIVE;
				CLANG_WARN_UNREACHABLE_CODE = YES;
				CLANG_WARN__DUPLICATE_METHOD_MATCH = YES;
				CODE_SIGN_IDENTITY = "iPhone Developer";
				COPY_PHASE_STRIP = NO;
				DEBUG_INFORMATION_FORMAT = "dwarf-with-dsym";
				ENABLE_NS_ASSERTIONS = NO;
				ENABLE_STRICT_OBJC_MSGSEND = YES;
				GCC_C_LANGUAGE_STANDARD = gnu11;
				GCC_NO_COMMON_BLOCKS = YES;
				GCC_WARN_64_TO_32_BIT_CONVERSION = YES;
				GCC_WARN_ABOUT_RETURN_TYPE = YES_ERROR;
				GCC_WARN_UNDECLARED_SELECTOR = YES;
				GCC_WARN_UNINITIALIZED_AUTOS = YES_AGGRESSIVE;
				GCC_WARN_UNUSED_FUNCTION = YES;
				GCC_WARN_UNUSED_VARIABLE = YES;
				IPHONEOS_DEPLOYMENT_TARGET = 12.2;
				MTL_ENABLE_DEBUG_INFO = NO;
				MTL_FAST_MATH = YES;
				SDKROOT = iphoneos;
				SWIFT_COMPILATION_MODE = wholemodule;
				SWIFT_OPTIMIZATION_LEVEL = "-O";
				VALIDATE_PRODUCT = YES;
			};
			name = Release;
		};
		2ED4603522C7F55F00E8FECB /* Debug */ = {
			isa = XCBuildConfiguration;
			buildSettings = {
				ASSETCATALOG_COMPILER_APPICON_NAME = AppIcon;
				CODE_SIGN_STYLE = Automatic;
				DEVELOPMENT_TEAM = 6VG28F7H8D;
				INFOPLIST_FILE = VirtualTourist/Info.plist;
				LD_RUNPATH_SEARCH_PATHS = (
					"$(inherited)",
					"@executable_path/Frameworks",
				);
				PRODUCT_BUNDLE_IDENTIFIER = com.hayamousa.VirtualTourist;
				PRODUCT_NAME = "$(TARGET_NAME)";
				SWIFT_VERSION = 5.0;
				TARGETED_DEVICE_FAMILY = "1,2";
			};
			name = Debug;
		};
		2ED4603622C7F55F00E8FECB /* Release */ = {
			isa = XCBuildConfiguration;
			buildSettings = {
				ASSETCATALOG_COMPILER_APPICON_NAME = AppIcon;
				CODE_SIGN_STYLE = Automatic;
				DEVELOPMENT_TEAM = 6VG28F7H8D;
				INFOPLIST_FILE = VirtualTourist/Info.plist;
				LD_RUNPATH_SEARCH_PATHS = (
					"$(inherited)",
					"@executable_path/Frameworks",
				);
				PRODUCT_BUNDLE_IDENTIFIER = com.hayamousa.VirtualTourist;
				PRODUCT_NAME = "$(TARGET_NAME)";
				SWIFT_VERSION = 5.0;
				TARGETED_DEVICE_FAMILY = "1,2";
			};
			name = Release;
		};
		2ED4604322C7FBFA00E8FECB /* Debug */ = {
			isa = XCBuildConfiguration;
			buildSettings = {
				CODE_SIGN_STYLE = Automatic;
				DEVELOPMENT_TEAM = 6VG28F7H8D;
				INFOPLIST_FILE = VirtualTouristUITests/Info.plist;
				LD_RUNPATH_SEARCH_PATHS = (
					"$(inherited)",
					"@executable_path/Frameworks",
					"@loader_path/Frameworks",
				);
				PRODUCT_BUNDLE_IDENTIFIER = com.hayamousa.VirtualTouristUITests;
				PRODUCT_NAME = "$(TARGET_NAME)";
				SWIFT_VERSION = 5.0;
				TARGETED_DEVICE_FAMILY = "1,2";
				TEST_TARGET_NAME = VirtualTourist;
			};
			name = Debug;
		};
		2ED4604422C7FBFA00E8FECB /* Release */ = {
			isa = XCBuildConfiguration;
			buildSettings = {
				CODE_SIGN_STYLE = Automatic;
				DEVELOPMENT_TEAM = 6VG28F7H8D;
				INFOPLIST_FILE = VirtualTouristUITests/Info.plist;
				LD_RUNPATH_SEARCH_PATHS = (
					"$(inherited)",
					"@executable_path/Frameworks",
					"@loader_path/Frameworks",
				);
				PRODUCT_BUNDLE_IDENTIFIER = com.hayamousa.VirtualTouristUITests;
				PRODUCT_NAME = "$(TARGET_NAME)";
				SWIFT_VERSION = 5.0;
				TARGETED_DEVICE_FAMILY = "1,2";
				TEST_TARGET_NAME = VirtualTourist;
			};
			name = Release;
		};
		2ED4605122C7FC1F00E8FECB /* Debug */ = {
			isa = XCBuildConfiguration;
			buildSettings = {
				BUNDLE_LOADER = "$(TEST_HOST)";
				CODE_SIGN_STYLE = Automatic;
				DEVELOPMENT_TEAM = 6VG28F7H8D;
				INFOPLIST_FILE = VirtualTouristTests/Info.plist;
				LD_RUNPATH_SEARCH_PATHS = (
					"$(inherited)",
					"@executable_path/Frameworks",
					"@loader_path/Frameworks",
				);
				PRODUCT_BUNDLE_IDENTIFIER = com.hayamousa.VirtualTouristTests;
				PRODUCT_NAME = "$(TARGET_NAME)";
				SWIFT_VERSION = 5.0;
				TARGETED_DEVICE_FAMILY = "1,2";
				TEST_HOST = "$(BUILT_PRODUCTS_DIR)/VirtualTourist.app/VirtualTourist";
			};
			name = Debug;
		};
		2ED4605222C7FC1F00E8FECB /* Release */ = {
			isa = XCBuildConfiguration;
			buildSettings = {
				BUNDLE_LOADER = "$(TEST_HOST)";
				CODE_SIGN_STYLE = Automatic;
				DEVELOPMENT_TEAM = 6VG28F7H8D;
				INFOPLIST_FILE = VirtualTouristTests/Info.plist;
				LD_RUNPATH_SEARCH_PATHS = (
					"$(inherited)",
					"@executable_path/Frameworks",
					"@loader_path/Frameworks",
				);
				PRODUCT_BUNDLE_IDENTIFIER = com.hayamousa.VirtualTouristTests;
				PRODUCT_NAME = "$(TARGET_NAME)";
				SWIFT_VERSION = 5.0;
				TARGETED_DEVICE_FAMILY = "1,2";
				TEST_HOST = "$(BUILT_PRODUCTS_DIR)/VirtualTourist.app/VirtualTourist";
			};
			name = Release;
		};
/* End XCBuildConfiguration section */

/* Begin XCConfigurationList section */
		2ED4601D22C7F55D00E8FECB /* Build configuration list for PBXProject "VirtualTourist" */ = {
			isa = XCConfigurationList;
			buildConfigurations = (
				2ED4603222C7F55F00E8FECB /* Debug */,
				2ED4603322C7F55F00E8FECB /* Release */,
			);
			defaultConfigurationIsVisible = 0;
			defaultConfigurationName = Release;
		};
		2ED4603422C7F55F00E8FECB /* Build configuration list for PBXNativeTarget "VirtualTourist" */ = {
			isa = XCConfigurationList;
			buildConfigurations = (
				2ED4603522C7F55F00E8FECB /* Debug */,
				2ED4603622C7F55F00E8FECB /* Release */,
			);
			defaultConfigurationIsVisible = 0;
			defaultConfigurationName = Release;
		};
		2ED4604222C7FBFA00E8FECB /* Build configuration list for PBXNativeTarget "VirtualTouristUITests" */ = {
			isa = XCConfigurationList;
			buildConfigurations = (
				2ED4604322C7FBFA00E8FECB /* Debug */,
				2ED4604422C7FBFA00E8FECB /* Release */,
			);
			defaultConfigurationIsVisible = 0;
			defaultConfigurationName = Release;
		};
		2ED4605022C7FC1F00E8FECB /* Build configuration list for PBXNativeTarget "VirtualTouristTests" */ = {
			isa = XCConfigurationList;
			buildConfigurations = (
				2ED4605122C7FC1F00E8FECB /* Debug */,
				2ED4605222C7FC1F00E8FECB /* Release */,
			);
			defaultConfigurationIsVisible = 0;
			defaultConfigurationName = Release;
		};
/* End XCConfigurationList section */

/* Begin XCVersionGroup section */
		2EEB37E522C8E7B600A31141 /* VirtualTourist.xcdatamodeld */ = {
			isa = XCVersionGroup;
			children = (
				2EEB37E622C8E7B600A31141 /* VirtualTourist.xcdatamodel */,
			);
			currentVersion = 2EEB37E622C8E7B600A31141 /* VirtualTourist.xcdatamodel */;
			path = VirtualTourist.xcdatamodeld;
			sourceTree = "<group>";
			versionGroupType = wrapper.xcdatamodel;
		};
/* End XCVersionGroup section */
	};
	rootObject = 2ED4601A22C7F55D00E8FECB /* Project object */;
}
